Microsoft Visual Studio Solution File, Format Version 12.00
# Visual Studio Version 17
VisualStudioVersion = 17.5.2.0
MinimumVisualStudioVersion = 10.0.40219.1
Project("{FAE04EC0-301F-11D3-BF4B-00C04F79EFBC}") = "CSMA_CD", "CSMA_CD.csproj", "{91C7EA39-DEC0-0B53-E1FF-33305DBEF4DC}"
EndProject
Global
	GlobalSection(SolutionConfigurationPlatforms) = preSolution
		Debug|Any CPU = Debug|Any CPU
		Release|Any CPU = Release|Any CPU
	EndGlobalSection
	GlobalSection(ProjectConfigurationPlatforms) = postSolution
		{91C7EA39-DEC0-0B53-E1FF-33305DBEF4DC}.Debug|Any CPU.ActiveCfg = Debug|Any CPU
		{91C7EA39-DEC0-0B53-E1FF-33305DBEF4DC}.Debug|Any CPU.Build.0 = Debug|Any CPU
		{91C7EA39-DEC0-0B53-E1FF-33305DBEF4DC}.Release|Any CPU.ActiveCfg = Release|Any CPU
		{91C7EA39-DEC0-0B53-E1FF-33305DBEF4DC}.Release|Any CPU.Build.0 = Release|Any CPU
	EndGlobalSection
	GlobalSection(SolutionProperties) = preSolution
		HideSolutionNode = FALSE
	EndGlobalSection
	GlobalSection(ExtensibilityGlobals) = postSolution
		SolutionGuid = {92DC70D1-F35F-4FA9-98E8-24BF9E72FF30}
	EndGlobalSection
EndGlobal
